{
  "version": 4,
  "terraform_version": "1.9.0",
  "serial": 3781,
  "lineage": "469b050d-eb9a-4329-154d-2f6abca5eb98",
  "outputs": {
    "subnet_id": {
      "value": "subnet-07b6efdc061ec75a5",
      "type": "string"
    },
    "vpc_id": {
      "value": "vpc-0a6df6a4dcbbe8821",
      "type": "string"
    }
  },
  "resources": [
    {
      "mode": "managed",
      "type": "aws_autoscaling_group",
      "name": "k8s_asg",
      "provider": "provider[\"registry.terraform.io/hashicorp/aws\"]",
      "instances": [
        {
          "schema_version": 1,
          "attributes": {
            "arn": "arn:aws:autoscaling:eu-north-1:891377403327:autoScalingGroup:fa4cbe8d-616b-4b7c-9542-5c0131d1879c:autoScalingGroupName/terraform-20240718185546701400000004",
            "availability_zones": [
              "eu-north-1a",
              "eu-north-1b"
            ],
            "capacity_rebalance": false,
            "context": "",
            "default_cooldown": 300,
            "default_instance_warmup": 0,
            "desired_capacity": 2,
            "desired_capacity_type": "",
            "enabled_metrics": null,
            "force_delete": false,
            "force_delete_warm_pool": false,
            "health_check_grace_period": 300,
            "health_check_type": "EC2",
            "id": "terraform-20240718185546701400000004",
            "ignore_failed_scaling_activities": false,
            "initial_lifecycle_hook": [],
            "instance_maintenance_policy": [],
            "instance_refresh": [],
            "launch_configuration": "",
            "launch_template": [],
            "load_balancers": [],
            "max_instance_lifetime": 0,
            "max_size": 4,
            "metrics_granularity": "1Minute",
            "min_elb_capacity": null,
            "min_size": 2,
            "mixed_instances_policy": [
              {
                "instances_distribution": [
                  {
                    "on_demand_allocation_strategy": "prioritized",
                    "on_demand_base_capacity": 0,
                    "on_demand_percentage_above_base_capacity": 100,
                    "spot_allocation_strategy": "capacity-optimized",
                    "spot_instance_pools": 0,
                    "spot_max_price": ""
                  }
                ],
                "launch_template": [
                  {
                    "launch_template_specification": [
                      {
                        "launch_template_id": "lt-0fee1b8765e186dbf",
                        "launch_template_name": "k8s-worker-20240718185538411800000002",
                        "version": "$Latest"
                      }
                    ],
                    "override": [
                      {
                        "instance_requirements": [],
                        "instance_type": "t3.medium",
                        "launch_template_specification": [],
                        "weighted_capacity": ""
                      }
                    ]
                  }
                ]
              }
            ],
            "name": "terraform-20240718185546701400000004",
            "name_prefix": "terraform-",
            "placement_group": "",
            "predicted_capacity": 0,
            "protect_from_scale_in": false,
            "service_linked_role_arn": "arn:aws:iam::891377403327:role/aws-service-role/autoscaling.amazonaws.com/AWSServiceRoleForAutoScaling",
            "suspended_processes": null,
            "tag": [
              {
                "key": "Name",
                "propagate_at_launch": true,
                "value": "K8s-Worker"
              }
            ],
            "target_group_arns": [
              "arn:aws:elasticloadbalancing:eu-north-1:891377403327:targetgroup/k8s-target-group/96fe265b0ede014c"
            ],
            "termination_policies": null,
            "timeouts": null,
            "traffic_source": [
              {
                "identifier": "arn:aws:elasticloadbalancing:eu-north-1:891377403327:targetgroup/k8s-target-group/96fe265b0ede014c",
                "type": "elbv2"
              }
            ],
            "vpc_zone_identifier": [
              "subnet-03cd1ecade6931347",
              "subnet-07b6efdc061ec75a5"
            ],
            "wait_for_capacity_timeout": "10m",
            "wait_for_elb_capacity": null,
            "warm_pool": [],
            "warm_pool_size": 0
          },
          "sensitive_attributes": [],
          "private": "eyJlMmJmYjczMC1lY2FhLTExZTYtOGY4OC0zNDM2M2JjN2M0YzAiOnsiZGVsZXRlIjo2MDAwMDAwMDAwMDAsInVwZGF0ZSI6NjAwMDAwMDAwMDAwfSwic2NoZW1hX3ZlcnNpb24iOiIxIn0=",
          "dependencies": [
            "aws_launch_template.worker",
            "aws_lb_target_group.k8s_target_group",
            "aws_security_group.instance",
            "aws_subnet.public",
            "aws_subnet.public2",
            "aws_vpc.main"
          ]
        }
      ]
    },
    {
      "mode": "managed",
      "type": "aws_launch_template",
      "name": "worker",
      "provider": "provider[\"registry.terraform.io/hashicorp/aws\"]",
      "instances": [
        {
          "schema_version": 0,
          "attributes": {
            "arn": "arn:aws:ec2:eu-north-1:891377403327:launch-template/lt-0fee1b8765e186dbf",
            "block_device_mappings": [],
            "capacity_reservation_specification": [],
            "cpu_options": [],
            "credit_specification": [],
            "default_version": 1,
            "description": "",
            "disable_api_stop": false,
            "disable_api_termination": false,
            "ebs_optimized": "",
            "elastic_gpu_specifications": [],
            "elastic_inference_accelerator": [],
            "enclave_options": [],
            "hibernation_options": [],
            "iam_instance_profile": [],
            "id": "lt-0fee1b8765e186dbf",
            "image_id": "ami-052387465d846f3fc",
            "instance_initiated_shutdown_behavior": "",
            "instance_market_options": [],
            "instance_requirements": [],
            "instance_type": "t3.medium",
            "kernel_id": "",
            "key_name": "devOps_training",
            "latest_version": 1,
            "license_specification": [],
            "maintenance_options": [],
            "metadata_options": [],
            "monitoring": [],
            "name": "k8s-worker-20240718185538411800000002",
            "name_prefix": "k8s-worker-",
            "network_interfaces": [
              {
                "associate_carrier_ip_address": "",
                "associate_public_ip_address": "true",
                "delete_on_termination": "",
                "description": "",
                "device_index": 0,
                "interface_type": "",
                "ipv4_address_count": 0,
                "ipv4_addresses": null,
                "ipv4_prefix_count": 0,
                "ipv4_prefixes": null,
                "ipv6_address_count": 0,
                "ipv6_addresses": null,
                "ipv6_prefix_count": 0,
                "ipv6_prefixes": null,
                "network_card_index": 0,
                "network_interface_id": "",
                "private_ip_address": "",
                "security_groups": [
                  "sg-0faf9d831c2f7d667"
                ],
                "subnet_id": ""
              }
            ],
            "placement": [],
            "private_dns_name_options": [],
            "ram_disk_id": "",
            "security_group_names": null,
            "tag_specifications": [
              {
                "resource_type": "instance",
                "tags": {
                  "Group": "Kubernetes",
                  "Name": "K8s-Worker"
                }
              }
            ],
            "tags": null,
            "tags_all": {},
            "update_default_version": null,
            "user_data": "",
            "vpc_security_group_ids": null
          },
          "sensitive_attributes": [],
          "private": "bnVsbA==",
          "dependencies": [
            "aws_security_group.instance",
            "aws_vpc.main"
          ]
        }
      ]
    },
    {
      "mode": "managed",
      "type": "aws_lb_target_group",
      "name": "k8s_target_group",
      "provider": "provider[\"registry.terraform.io/hashicorp/aws\"]",
      "instances": [
        {
          "schema_version": 0,
          "attributes": {
            "arn": "arn:aws:elasticloadbalancing:eu-north-1:891377403327:targetgroup/k8s-target-group/96fe265b0ede014c",
            "arn_suffix": "targetgroup/k8s-target-group/96fe265b0ede014c",
            "connection_termination": null,
            "deregistration_delay": "300",
            "health_check": [
              {
                "enabled": true,
                "healthy_threshold": 2,
                "interval": 30,
                "matcher": "200",
                "path": "/",
                "port": "traffic-port",
                "protocol": "HTTP",
                "timeout": 5,
                "unhealthy_threshold": 2
              }
            ],
            "id": "arn:aws:elasticloadbalancing:eu-north-1:891377403327:targetgroup/k8s-target-group/96fe265b0ede014c",
            "ip_address_type": "ipv4",
            "lambda_multi_value_headers_enabled": false,
            "load_balancer_arns": [],
            "load_balancing_algorithm_type": "round_robin",
            "load_balancing_anomaly_mitigation": "off",
            "load_balancing_cross_zone_enabled": "use_load_balancer_configuration",
            "name": "k8s-target-group",
            "name_prefix": "",
            "port": 80,
            "preserve_client_ip": null,
            "protocol": "HTTP",
            "protocol_version": "HTTP1",
            "proxy_protocol_v2": false,
            "slow_start": 0,
            "stickiness": [
              {
                "cookie_duration": 86400,
                "cookie_name": "",
                "enabled": false,
                "type": "lb_cookie"
              }
            ],
            "tags": {
              "Name": "k8s-target-group"
            },
            "tags_all": {
              "Name": "k8s-target-group"
            },
            "target_failover": [
              {
                "on_deregistration": null,
                "on_unhealthy": null
              }
            ],
            "target_health_state": [
              {
                "enable_unhealthy_connection_termination": null
              }
            ],
            "target_type": "instance",
            "vpc_id": "vpc-0a6df6a4dcbbe8821"
          },
          "sensitive_attributes": [],
          "private": "bnVsbA==",
          "dependencies": [
            "aws_vpc.main"
          ]
        }
      ]
    },
    {
      "mode": "managed",
      "type": "aws_security_group",
      "name": "instance",
      "provider": "provider[\"registry.terraform.io/hashicorp/aws\"]",
      "instances": [
        {
          "schema_version": 1,
          "attributes": {
            "arn": "arn:aws:ec2:eu-north-1:891377403327:security-group/sg-0faf9d831c2f7d667",
            "description": "Managed by Terraform",
            "egress": [
              {
                "cidr_blocks": [
                  "0.0.0.0/0"
                ],
                "description": "",
                "from_port": 0,
                "ipv6_cidr_blocks": [],
                "prefix_list_ids": [],
                "protocol": "-1",
                "security_groups": [],
                "self": false,
                "to_port": 0
              }
            ],
            "id": "sg-0faf9d831c2f7d667",
            "ingress": [
              {
                "cidr_blocks": [
                  "0.0.0.0/0"
                ],
                "description": "",
                "from_port": 10250,
                "ipv6_cidr_blocks": [],
                "prefix_list_ids": [],
                "protocol": "tcp",
                "security_groups": [],
                "self": false,
                "to_port": 10250
              },
              {
                "cidr_blocks": [
                  "0.0.0.0/0"
                ],
                "description": "",
                "from_port": 22,
                "ipv6_cidr_blocks": [],
                "prefix_list_ids": [],
                "protocol": "tcp",
                "security_groups": [],
                "self": false,
                "to_port": 22
              },
              {
                "cidr_blocks": [
                  "0.0.0.0/0"
                ],
                "description": "",
                "from_port": 2379,
                "ipv6_cidr_blocks": [],
                "prefix_list_ids": [],
                "protocol": "tcp",
                "security_groups": [],
                "self": false,
                "to_port": 2380
              },
              {
                "cidr_blocks": [
                  "0.0.0.0/0"
                ],
                "description": "",
                "from_port": 30000,
                "ipv6_cidr_blocks": [],
                "prefix_list_ids": [],
                "protocol": "tcp",
                "security_groups": [],
                "self": false,
                "to_port": 32767
              },
              {
                "cidr_blocks": [
                  "0.0.0.0/0"
                ],
                "description": "",
                "from_port": 6443,
                "ipv6_cidr_blocks": [],
                "prefix_list_ids": [],
                "protocol": "tcp",
                "security_groups": [],
                "self": false,
                "to_port": 6443
              },
              {
                "cidr_blocks": [
                  "0.0.0.0/0"
                ],
                "description": "",
                "from_port": 8285,
                "ipv6_cidr_blocks": [],
                "prefix_list_ids": [],
                "protocol": "udp",
                "security_groups": [],
                "self": false,
                "to_port": 8285
              },
              {
                "cidr_blocks": [
                  "0.0.0.0/0"
                ],
                "description": "",
                "from_port": 8472,
                "ipv6_cidr_blocks": [],
                "prefix_list_ids": [],
                "protocol": "udp",
                "security_groups": [],
                "self": false,
                "to_port": 8472
              },
              {
                "cidr_blocks": [
                  "0.0.0.0/0"
                ],
                "description": "",
                "from_port": 9100,
                "ipv6_cidr_blocks": [],
                "prefix_list_ids": [],
                "protocol": "tcp",
                "security_groups": [],
                "self": false,
                "to_port": 9100
              }
            ],
            "name": "terraform-20240718185535478300000001",
            "name_prefix": "terraform-",
            "owner_id": "891377403327",
            "revoke_rules_on_delete": false,
            "tags": {
              "Name": "instance-security-group"
            },
            "tags_all": {
              "Name": "instance-security-group"
            },
            "timeouts": null,
            "vpc_id": "vpc-0a6df6a4dcbbe8821"
          },
          "sensitive_attributes": [],
          "private": "eyJlMmJmYjczMC1lY2FhLTExZTYtOGY4OC0zNDM2M2JjN2M0YzAiOnsiY3JlYXRlIjo2MDAwMDAwMDAwMDAsImRlbGV0ZSI6OTAwMDAwMDAwMDAwfSwic2NoZW1hX3ZlcnNpb24iOiIxIn0=",
          "dependencies": [
            "aws_vpc.main"
          ]
        }
      ]
    },
    {
      "mode": "managed",
      "type": "aws_subnet",
      "name": "public",
      "provider": "provider[\"registry.terraform.io/hashicorp/aws\"]",
      "instances": [
        {
          "schema_version": 1,
          "attributes": {
            "arn": "arn:aws:ec2:eu-north-1:891377403327:subnet/subnet-07b6efdc061ec75a5",
            "assign_ipv6_address_on_creation": false,
            "availability_zone": "eu-north-1a",
            "availability_zone_id": "eun1-az1",
            "cidr_block": "10.0.1.0/24",
            "customer_owned_ipv4_pool": "",
            "enable_dns64": false,
            "enable_lni_at_device_index": 0,
            "enable_resource_name_dns_a_record_on_launch": false,
            "enable_resource_name_dns_aaaa_record_on_launch": false,
            "id": "subnet-07b6efdc061ec75a5",
            "ipv6_cidr_block": "",
            "ipv6_cidr_block_association_id": "",
            "ipv6_native": false,
            "map_customer_owned_ip_on_launch": false,
            "map_public_ip_on_launch": true,
            "outpost_arn": "",
            "owner_id": "891377403327",
            "private_dns_hostname_type_on_launch": "ip-name",
            "tags": {
              "Name": "public-subnet"
            },
            "tags_all": {
              "Name": "public-subnet"
            },
            "timeouts": null,
            "vpc_id": "vpc-0a6df6a4dcbbe8821"
          },
          "sensitive_attributes": [],
          "private": "eyJlMmJmYjczMC1lY2FhLTExZTYtOGY4OC0zNDM2M2JjN2M0YzAiOnsiY3JlYXRlIjo2MDAwMDAwMDAwMDAsImRlbGV0ZSI6MTIwMDAwMDAwMDAwMH0sInNjaGVtYV92ZXJzaW9uIjoiMSJ9",
          "dependencies": [
            "aws_vpc.main"
          ]
        }
      ]
    },
    {
      "mode": "managed",
      "type": "aws_subnet",
      "name": "public2",
      "provider": "provider[\"registry.terraform.io/hashicorp/aws\"]",
      "instances": [
        {
          "schema_version": 1,
          "attributes": {
            "arn": "arn:aws:ec2:eu-north-1:891377403327:subnet/subnet-03cd1ecade6931347",
            "assign_ipv6_address_on_creation": false,
            "availability_zone": "eu-north-1b",
            "availability_zone_id": "eun1-az2",
            "cidr_block": "10.0.3.0/24",
            "customer_owned_ipv4_pool": "",
            "enable_dns64": false,
            "enable_lni_at_device_index": 0,
            "enable_resource_name_dns_a_record_on_launch": false,
            "enable_resource_name_dns_aaaa_record_on_launch": false,
            "id": "subnet-03cd1ecade6931347",
            "ipv6_cidr_block": "",
            "ipv6_cidr_block_association_id": "",
            "ipv6_native": false,
            "map_customer_owned_ip_on_launch": false,
            "map_public_ip_on_launch": true,
            "outpost_arn": "",
            "owner_id": "891377403327",
            "private_dns_hostname_type_on_launch": "ip-name",
            "tags": {
              "Name": "public-subnet-2"
            },
            "tags_all": {
              "Name": "public-subnet-2"
            },
            "timeouts": null,
            "vpc_id": "vpc-0a6df6a4dcbbe8821"
          },
          "sensitive_attributes": [],
          "private": "eyJlMmJmYjczMC1lY2FhLTExZTYtOGY4OC0zNDM2M2JjN2M0YzAiOnsiY3JlYXRlIjo2MDAwMDAwMDAwMDAsImRlbGV0ZSI6MTIwMDAwMDAwMDAwMH0sInNjaGVtYV92ZXJzaW9uIjoiMSJ9",
          "dependencies": [
            "aws_vpc.main"
          ]
        }
      ]
    },
    {
      "mode": "managed",
      "type": "aws_vpc",
      "name": "main",
      "provider": "provider[\"registry.terraform.io/hashicorp/aws\"]",
      "instances": [
        {
          "schema_version": 1,
          "attributes": {
            "arn": "arn:aws:ec2:eu-north-1:891377403327:vpc/vpc-0a6df6a4dcbbe8821",
            "assign_generated_ipv6_cidr_block": false,
            "cidr_block": "10.0.0.0/16",
            "default_network_acl_id": "acl-00b258ca7fdf8320c",
            "default_route_table_id": "rtb-0b62f68333c9ab28e",
            "default_security_group_id": "sg-0a96dd84d98d0ec32",
            "dhcp_options_id": "dopt-07cd479f97765a163",
            "enable_dns_hostnames": false,
            "enable_dns_support": true,
            "enable_network_address_usage_metrics": false,
            "id": "vpc-0a6df6a4dcbbe8821",
            "instance_tenancy": "default",
            "ipv4_ipam_pool_id": null,
            "ipv4_netmask_length": null,
            "ipv6_association_id": "",
            "ipv6_cidr_block": "",
            "ipv6_cidr_block_network_border_group": "",
            "ipv6_ipam_pool_id": "",
            "ipv6_netmask_length": 0,
            "main_route_table_id": "rtb-0b62f68333c9ab28e",
            "owner_id": "891377403327",
            "tags": {
              "Name": "main-vpc"
            },
            "tags_all": {
              "Name": "main-vpc"
            }
          },
          "sensitive_attributes": [],
          "private": "eyJzY2hlbWFfdmVyc2lvbiI6IjEifQ=="
        }
      ]
    }
  ],
  "check_results": null
}
